
Microsoft Visual Studio Solution File, Format Version 12.00
# Visual Studio 15
VisualStudioVersion = 15.0.27004.2005
MinimumVisualStudioVersion = 10.0.40219.1
Project("{FAE04EC0-301F-11D3-BF4B-00C04F79EFBC}") = "PLTW1.5.4", "PLTW1.5.4\PLTW1.5.4.csproj", "{806B7173-59B0-412B-9A17-BECFC2CFFF5D}"
EndProject
Global
	GlobalSection(SolutionConfigurationPlatforms) = preSolution
		Debug|Any CPU = Debug|Any CPU
		Release|Any CPU = Release|Any CPU
	EndGlobalSection
	GlobalSection(ProjectConfigurationPlatforms) = postSolution
		{806B7173-59B0-412B-9A17-BECFC2CFFF5D}.Debug|Any CPU.ActiveCfg = Debug|Any CPU
		{806B7173-59B0-412B-9A17-BECFC2CFFF5D}.Debug|Any CPU.Build.0 = Debug|Any CPU
		{806B7173-59B0-412B-9A17-BECFC2CFFF5D}.Release|Any CPU.ActiveCfg = Release|Any CPU
		{806B7173-59B0-412B-9A17-BECFC2CFFF5D}.Release|Any CPU.Build.0 = Release|Any CPU
	EndGlobalSection
	GlobalSection(SolutionProperties) = preSolution
		HideSolutionNode = FALSE
	EndGlobalSection
	GlobalSection(ExtensibilityGlobals) = postSolution
		SolutionGuid = {19948A9E-87A9-4803-9075-CBCB71BAA4EC}
	EndGlobalSection
EndGlobal
